
Microsoft Visual Studio Solution File, Format Version 12.00
# Visual Studio Version 16
VisualStudioVersion = 16.0.34031.81
MinimumVisualStudioVersion = 10.0.40219.1
Project("{FAE04EC0-301F-11D3-BF4B-00C04F79EFBC}") = "OptimalDX", "OptimalDX\OptimalDX.csproj", "{F3C4D839-57D4-4488-8799-C245448C85C1}"
EndProject
Global
	GlobalSection(SolutionConfigurationPlatforms) = preSolution
		Debug|Any CPU = Debug|Any CPU
		Release|Any CPU = Release|Any CPU
	EndGlobalSection
	GlobalSection(ProjectConfigurationPlatforms) = postSolution
		{F3C4D839-57D4-4488-8799-C245448C85C1}.Debug|Any CPU.ActiveCfg = Debug|Any CPU
		{F3C4D839-57D4-4488-8799-C245448C85C1}.Debug|Any CPU.Build.0 = Debug|Any CPU
		{F3C4D839-57D4-4488-8799-C245448C85C1}.Release|Any CPU.ActiveCfg = Release|Any CPU
		{F3C4D839-57D4-4488-8799-C245448C85C1}.Release|Any CPU.Build.0 = Release|Any CPU
	EndGlobalSection
	GlobalSection(SolutionProperties) = preSolution
		HideSolutionNode = FALSE
	EndGlobalSection
	GlobalSection(ExtensibilityGlobals) = postSolution
		SolutionGuid = {9E57318E-69B2-4E64-89C0-6DF450F3C926}
	EndGlobalSection
EndGlobal
